
Microsoft Visual Studio Solution File, Format Version 12.00
# Visual Studio Version 16
VisualStudioVersion = 16.0.31313.79
MinimumVisualStudioVersion = 10.0.40219.1
Project("{FAE04EC0-301F-11D3-BF4B-00C04F79EFBC}") = "MobileCourse.Android", "MobileCourse\MobileCourse.Android\MobileCourse.Android.csproj", "{62F91D2F-DB08-4C85-B084-AE1C180180F9}"
EndProject
Project("{FAE04EC0-301F-11D3-BF4B-00C04F79EFBC}") = "MobileCourse.iOS", "MobileCourse\MobileCourse.iOS\MobileCourse.iOS.csproj", "{0CB1376C-02F0-4ADC-A7E2-6F694EE45DD2}"
EndProject
Project("{9A19103F-16F7-4668-BE54-9A1E7A4F7556}") = "MobileCourse", "MobileCourse\MobileCourse\MobileCourse.csproj", "{B491DEAC-0619-4A17-A7D7-DDDDFA971BDE}"
EndProject
Global
	GlobalSection(SolutionConfigurationPlatforms) = preSolution
		Debug|Any CPU = Debug|Any CPU
		Debug|iPhone = Debug|iPhone
		Debug|iPhoneSimulator = Debug|iPhoneSimulator
		Release|Any CPU = Release|Any CPU
		Release|iPhone = Release|iPhone
		Release|iPhoneSimulator = Release|iPhoneSimulator
	EndGlobalSection
	GlobalSection(ProjectConfigurationPlatforms) = postSolution
		{62F91D2F-DB08-4C85-B084-AE1C180180F9}.Debug|Any CPU.ActiveCfg = Debug|Any CPU
		{62F91D2F-DB08-4C85-B084-AE1C180180F9}.Debug|Any CPU.Build.0 = Debug|Any CPU
		{62F91D2F-DB08-4C85-B084-AE1C180180F9}.Debug|Any CPU.Deploy.0 = Debug|Any CPU
		{62F91D2F-DB08-4C85-B084-AE1C180180F9}.Debug|iPhone.ActiveCfg = Debug|Any CPU
		{62F91D2F-DB08-4C85-B084-AE1C180180F9}.Debug|iPhone.Build.0 = Debug|Any CPU
		{62F91D2F-DB08-4C85-B084-AE1C180180F9}.Debug|iPhone.Deploy.0 = Debug|Any CPU
		{62F91D2F-DB08-4C85-B084-AE1C180180F9}.Debug|iPhoneSimulator.ActiveCfg = Debug|Any CPU
		{62F91D2F-DB08-4C85-B084-AE1C180180F9}.Debug|iPhoneSimulator.Build.0 = Debug|Any CPU
		{62F91D2F-DB08-4C85-B084-AE1C180180F9}.Debug|iPhoneSimulator.Deploy.0 = Debug|Any CPU
		{62F91D2F-DB08-4C85-B084-AE1C180180F9}.Release|Any CPU.ActiveCfg = Release|Any CPU
		{62F91D2F-DB08-4C85-B084-AE1C180180F9}.Release|Any CPU.Build.0 = Release|Any CPU
		{62F91D2F-DB08-4C85-B084-AE1C180180F9}.Release|Any CPU.Deploy.0 = Release|Any CPU
		{62F91D2F-DB08-4C85-B084-AE1C180180F9}.Release|iPhone.ActiveCfg = Release|Any CPU
		{62F91D2F-DB08-4C85-B084-AE1C180180F9}.Release|iPhone.Build.0 = Release|Any CPU
		{62F91D2F-DB08-4C85-B084-AE1C180180F9}.Release|iPhone.Deploy.0 = Release|Any CPU
		{62F91D2F-DB08-4C85-B084-AE1C180180F9}.Release|iPhoneSimulator.ActiveCfg = Release|Any CPU
		{62F91D2F-DB08-4C85-B084-AE1C180180F9}.Release|iPhoneSimulator.Build.0 = Release|Any CPU
		{62F91D2F-DB08-4C85-B084-AE1C180180F9}.Release|iPhoneSimulator.Deploy.0 = Release|Any CPU
		{0CB1376C-02F0-4ADC-A7E2-6F694EE45DD2}.Debug|Any CPU.ActiveCfg = Debug|iPhone
		{0CB1376C-02F0-4ADC-A7E2-6F694EE45DD2}.Debug|Any CPU.Build.0 = Debug|iPhone
		{0CB1376C-02F0-4ADC-A7E2-6F694EE45DD2}.Debug|Any CPU.Deploy.0 = Debug|iPhone
		{0CB1376C-02F0-4ADC-A7E2-6F694EE45DD2}.Debug|iPhone.ActiveCfg = Debug|iPhone
		{0CB1376C-02F0-4ADC-A7E2-6F694EE45DD2}.Debug|iPhone.Build.0 = Debug|iPhone
		{0CB1376C-02F0-4ADC-A7E2-6F694EE45DD2}.Debug|iPhone.Deploy.0 = Debug|iPhone
		{0CB1376C-02F0-4ADC-A7E2-6F694EE45DD2}.Debug|iPhoneSimulator.ActiveCfg = Debug|iPhoneSimulator
		{0CB1376C-02F0-4ADC-A7E2-6F694EE45DD2}.Debug|iPhoneSimulator.Build.0 = Debug|iPhoneSimulator
		{0CB1376C-02F0-4ADC-A7E2-6F694EE45DD2}.Debug|iPhoneSimulator.Deploy.0 = Debug|iPhoneSimulator
		{0CB1376C-02F0-4ADC-A7E2-6F694EE45DD2}.Release|Any CPU.ActiveCfg = Release|iPhoneSimulator
		{0CB1376C-02F0-4ADC-A7E2-6F694EE45DD2}.Release|Any CPU.Build.0 = Release|iPhoneSimulator
		{0CB1376C-02F0-4ADC-A7E2-6F694EE45DD2}.Release|Any CPU.Deploy.0 = Release|iPhoneSimulator
		{0CB1376C-02F0-4ADC-A7E2-6F694EE45DD2}.Release|iPhone.ActiveCfg = Release|iPhone
		{0CB1376C-02F0-4ADC-A7E2-6F694EE45DD2}.Release|iPhone.Build.0 = Release|iPhone
		{0CB1376C-02F0-4ADC-A7E2-6F694EE45DD2}.Release|iPhone.Deploy.0 = Release|iPhone
		{0CB1376C-02F0-4ADC-A7E2-6F694EE45DD2}.Release|iPhoneSimulator.ActiveCfg = Release|iPhoneSimulator
		{0CB1376C-02F0-4ADC-A7E2-6F694EE45DD2}.Release|iPhoneSimulator.Build.0 = Release|iPhoneSimulator
		{0CB1376C-02F0-4ADC-A7E2-6F694EE45DD2}.Release|iPhoneSimulator.Deploy.0 = Release|iPhoneSimulator
		{B491DEAC-0619-4A17-A7D7-DDDDFA971BDE}.Debug|Any CPU.ActiveCfg = Debug|Any CPU
		{B491DEAC-0619-4A17-A7D7-DDDDFA971BDE}.Debug|Any CPU.Build.0 = Debug|Any CPU
		{B491DEAC-0619-4A17-A7D7-DDDDFA971BDE}.Debug|Any CPU.Deploy.0 = Debug|Any CPU
		{B491DEAC-0619-4A17-A7D7-DDDDFA971BDE}.Debug|iPhone.ActiveCfg = Debug|Any CPU
		{B491DEAC-0619-4A17-A7D7-DDDDFA971BDE}.Debug|iPhone.Build.0 = Debug|Any CPU
		{B491DEAC-0619-4A17-A7D7-DDDDFA971BDE}.Debug|iPhone.Deploy.0 = Debug|Any CPU
		{B491DEAC-0619-4A17-A7D7-DDDDFA971BDE}.Debug|iPhoneSimulator.ActiveCfg = Debug|Any CPU
		{B491DEAC-0619-4A17-A7D7-DDDDFA971BDE}.Debug|iPhoneSimulator.Build.0 = Debug|Any CPU
		{B491DEAC-0619-4A17-A7D7-DDDDFA971BDE}.Debug|iPhoneSimulator.Deploy.0 = Debug|Any CPU
		{B491DEAC-0619-4A17-A7D7-DDDDFA971BDE}.Release|Any CPU.ActiveCfg = Release|Any CPU
		{B491DEAC-0619-4A17-A7D7-DDDDFA971BDE}.Release|Any CPU.Build.0 = Release|Any CPU
		{B491DEAC-0619-4A17-A7D7-DDDDFA971BDE}.Release|Any CPU.Deploy.0 = Release|Any CPU
		{B491DEAC-0619-4A17-A7D7-DDDDFA971BDE}.Release|iPhone.ActiveCfg = Release|Any CPU
		{B491DEAC-0619-4A17-A7D7-DDDDFA971BDE}.Release|iPhone.Build.0 = Release|Any CPU
		{B491DEAC-0619-4A17-A7D7-DDDDFA971BDE}.Release|iPhone.Deploy.0 = Release|Any CPU
		{B491DEAC-0619-4A17-A7D7-DDDDFA971BDE}.Release|iPhoneSimulator.ActiveCfg = Release|Any CPU
		{B491DEAC-0619-4A17-A7D7-DDDDFA971BDE}.Release|iPhoneSimulator.Build.0 = Release|Any CPU
		{B491DEAC-0619-4A17-A7D7-DDDDFA971BDE}.Release|iPhoneSimulator.Deploy.0 = Release|Any CPU
	EndGlobalSection
	GlobalSection(SolutionProperties) = preSolution
		HideSolutionNode = FALSE
	EndGlobalSection
	GlobalSection(ExtensibilityGlobals) = postSolution
		SolutionGuid = {48094295-C771-4E5E-90D1-ADE622BE29AD}
	EndGlobalSection
EndGlobal
